
Microsoft Visual Studio Solution File, Format Version 12.00
# Visual Studio Version 17
VisualStudioVersion = 17.10.35122.118
MinimumVisualStudioVersion = 10.0.40219.1
Project("{FAE04EC0-301F-11D3-BF4B-00C04F79EFBC}") = "Concatecando-strings", "Concatecando-strings\Concatecando-strings.csproj", "{272CF1B6-C011-4AB3-9723-D172CB1AFC7D}"
EndProject
Global
	GlobalSection(SolutionConfigurationPlatforms) = preSolution
		Debug|Any CPU = Debug|Any CPU
		Release|Any CPU = Release|Any CPU
	EndGlobalSection
	GlobalSection(ProjectConfigurationPlatforms) = postSolution
		{272CF1B6-C011-4AB3-9723-D172CB1AFC7D}.Debug|Any CPU.ActiveCfg = Debug|Any CPU
		{272CF1B6-C011-4AB3-9723-D172CB1AFC7D}.Debug|Any CPU.Build.0 = Debug|Any CPU
		{272CF1B6-C011-4AB3-9723-D172CB1AFC7D}.Release|Any CPU.ActiveCfg = Release|Any CPU
		{272CF1B6-C011-4AB3-9723-D172CB1AFC7D}.Release|Any CPU.Build.0 = Release|Any CPU
	EndGlobalSection
	GlobalSection(SolutionProperties) = preSolution
		HideSolutionNode = FALSE
	EndGlobalSection
	GlobalSection(ExtensibilityGlobals) = postSolution
		SolutionGuid = {36E37D47-E17E-4F4E-B5A7-D4EF06E2AD7B}
	EndGlobalSection
EndGlobal
