
Microsoft Visual Studio Solution File, Format Version 12.00
# Visual Studio Version 17
VisualStudioVersion = 17.10.35122.118
MinimumVisualStudioVersion = 10.0.40219.1
Project("{FAE04EC0-301F-11D3-BF4B-00C04F79EFBC}") = "MeuPrimeiroProjeto", "MeuPrimeiroProjeto\MeuPrimeiroProjeto.csproj", "{8F634598-8174-4510-BDD3-F3B47D362950}"
EndProject
Global
	GlobalSection(SolutionConfigurationPlatforms) = preSolution
		Debug|Any CPU = Debug|Any CPU
		Release|Any CPU = Release|Any CPU
	EndGlobalSection
	GlobalSection(ProjectConfigurationPlatforms) = postSolution
		{8F634598-8174-4510-BDD3-F3B47D362950}.Debug|Any CPU.ActiveCfg = Debug|Any CPU
		{8F634598-8174-4510-BDD3-F3B47D362950}.Debug|Any CPU.Build.0 = Debug|Any CPU
		{8F634598-8174-4510-BDD3-F3B47D362950}.Release|Any CPU.ActiveCfg = Release|Any CPU
		{8F634598-8174-4510-BDD3-F3B47D362950}.Release|Any CPU.Build.0 = Release|Any CPU
	EndGlobalSection
	GlobalSection(SolutionProperties) = preSolution
		HideSolutionNode = FALSE
	EndGlobalSection
	GlobalSection(ExtensibilityGlobals) = postSolution
		SolutionGuid = {0611B67F-04D3-4925-A8A0-3F02EE55969E}
	EndGlobalSection
EndGlobal
